
Microsoft Visual Studio Solution File, Format Version 12.00
# Visual Studio Version 16
VisualStudioVersion = 16.0.30330.147
MinimumVisualStudioVersion = 10.0.40219.1
Project("{9A19103F-16F7-4668-BE54-9A1E7A4F7556}") = "Veri Tipleri", "Veri Tipleri\Veri Tipleri.csproj", "{4534AEB2-0967-415B-8D13-1163F17593F2}"
EndProject
Project("{9A19103F-16F7-4668-BE54-9A1E7A4F7556}") = "Sart Bloklari", "Sart Bloklari\Sart Bloklari.csproj", "{DBF1FA2B-52CC-4BCF-980C-5C8AD1889DCA}"
EndProject
Project("{9A19103F-16F7-4668-BE54-9A1E7A4F7556}") = "Metotlar", "Metotlar\Metotlar.csproj", "{EE81EF6D-B6D1-4D53-9130-169895450865}"
EndProject
Project("{9A19103F-16F7-4668-BE54-9A1E7A4F7556}") = "Listeler", "Listeler\Listeler.csproj", "{58A4C710-AA7A-4ECB-9377-2614441DFA2E}"
EndProject
Project("{9A19103F-16F7-4668-BE54-9A1E7A4F7556}") = "Donguler", "Donguler\Donguler.csproj", "{2A1568C0-F805-4494-BDB8-E6F72C987065}"
EndProject
Project("{9A19103F-16F7-4668-BE54-9A1E7A4F7556}") = "Stringler", "Stringler\Stringler.csproj", "{B11DB5E8-7CD6-4FD4-BD90-69305C0835CF}"
EndProject
Project("{9A19103F-16F7-4668-BE54-9A1E7A4F7556}") = "Siniflar", "Siniflar\Siniflar.csproj", "{3A93DA50-7CFC-4590-8BF7-15CFCA30D7A0}"
EndProject
Project("{FAE04EC0-301F-11D3-BF4B-00C04F79EFBC}") = "RecapDemo1", "RecapDemo1\RecapDemo1.csproj", "{95D6BFF7-B061-4036-A123-79DBEE8E1243}"
EndProject
Project("{9A19103F-16F7-4668-BE54-9A1E7A4F7556}") = "Interfaceler", "Interfaceler\Interfaceler.csproj", "{32220780-904A-4676-A0E9-59A7DC72DF10}"
EndProject
Project("{9A19103F-16F7-4668-BE54-9A1E7A4F7556}") = "InterfacelerDemo", "InterfacelerDemo\InterfacelerDemo.csproj", "{7B9EAE9C-A8CA-4E34-9902-F15A5E360B7C}"
EndProject
Project("{9A19103F-16F7-4668-BE54-9A1E7A4F7556}") = "Kalitim", "Kalitim\Kalitim.csproj", "{D413014E-CA49-4CD5-91B2-0644F76D4E99}"
EndProject
Project("{9A19103F-16F7-4668-BE54-9A1E7A4F7556}") = "SanalMetotlar", "SanalMetotlar\SanalMetotlar.csproj", "{6EEB8544-300D-4F54-81F0-9C810E909A61}"
EndProject
Project("{9A19103F-16F7-4668-BE54-9A1E7A4F7556}") = "AbstractSiniflar", "AbstractSiniflar\AbstractSiniflar.csproj", "{D0B21721-8583-46FC-8408-9F101C043AAD}"
EndProject
Project("{9A19103F-16F7-4668-BE54-9A1E7A4F7556}") = "RecapDemo2", "RecapDemo2\RecapDemo2.csproj", "{160EDC2F-2C0D-4241-8C81-C0CAA38021ED}"
EndProject
Project("{9A19103F-16F7-4668-BE54-9A1E7A4F7556}") = "ErisimBilgirgecleri", "ErisimBilgirgecleri\ErisimBilgirgecleri.csproj", "{0F3B4502-8FC9-4141-8BA3-ABA4CE704178}"
EndProject
Project("{9A19103F-16F7-4668-BE54-9A1E7A4F7556}") = "AccessModifiers", "AccessModifiers\AccessModifiers.csproj", "{1F77D206-226E-436F-B45A-127B93133CA9}"
EndProject
Project("{9A19103F-16F7-4668-BE54-9A1E7A4F7556}") = "Constructorlar", "Constructorlar\Constructorlar.csproj", "{3F99B61F-FFE6-4676-8E25-065CA0E658F1}"
EndProject
Project("{9A19103F-16F7-4668-BE54-9A1E7A4F7556}") = "DegerVeReferansTip", "DegerVeReferansTip\DegerVeReferansTip.csproj", "{1EEE4E24-C40D-43A3-9ADB-B773CCF1B524}"
EndProject
Project("{9A19103F-16F7-4668-BE54-9A1E7A4F7556}") = "Koleksiyonlar", "Koleksiyonlar\Koleksiyonlar.csproj", "{04691304-AE16-4DD6-A857-5819D6D4868A}"
EndProject
Project("{9A19103F-16F7-4668-BE54-9A1E7A4F7556}") = "HataYonetimi", "HataYonetimi\HataYonetimi.csproj", "{8287D979-5905-4415-9BBA-20974A463795}"
EndProject
Project("{FAE04EC0-301F-11D3-BF4B-00C04F79EFBC}") = "AdoNetDemo", "AdoNetDemo\AdoNetDemo.csproj", "{86D76997-3717-4466-BD84-B8CA930612BA}"
EndProject
Project("{FAE04EC0-301F-11D3-BF4B-00C04F79EFBC}") = "AdoNet", "AdoNet\AdoNet.csproj", "{864A6EB8-A963-4ECB-AC59-1F40B642DB69}"
EndProject
Project("{FAE04EC0-301F-11D3-BF4B-00C04F79EFBC}") = "YeniAdoNetDemo", "YeniAdoNetDemo\YeniAdoNetDemo.csproj", "{48DF1C6C-67C1-4CA0-BB04-54204154037F}"
EndProject
Project("{FAE04EC0-301F-11D3-BF4B-00C04F79EFBC}") = "EntityFramework", "EntityFramework\EntityFramework.csproj", "{BDE8AA83-383D-4C3F-811B-319F03B8CBED}"
EndProject
Global
	GlobalSection(SolutionConfigurationPlatforms) = preSolution
		Debug|Any CPU = Debug|Any CPU
		Debug|x64 = Debug|x64
		Release|Any CPU = Release|Any CPU
		Release|x64 = Release|x64
	EndGlobalSection
	GlobalSection(ProjectConfigurationPlatforms) = postSolution
		{4534AEB2-0967-415B-8D13-1163F17593F2}.Debug|Any CPU.ActiveCfg = Debug|Any CPU
		{4534AEB2-0967-415B-8D13-1163F17593F2}.Debug|Any CPU.Build.0 = Debug|Any CPU
		{4534AEB2-0967-415B-8D13-1163F17593F2}.Debug|x64.ActiveCfg = Debug|Any CPU
		{4534AEB2-0967-415B-8D13-1163F17593F2}.Debug|x64.Build.0 = Debug|Any CPU
		{4534AEB2-0967-415B-8D13-1163F17593F2}.Release|Any CPU.ActiveCfg = Release|Any CPU
		{4534AEB2-0967-415B-8D13-1163F17593F2}.Release|Any CPU.Build.0 = Release|Any CPU
		{4534AEB2-0967-415B-8D13-1163F17593F2}.Release|x64.ActiveCfg = Release|Any CPU
		{4534AEB2-0967-415B-8D13-1163F17593F2}.Release|x64.Build.0 = Release|Any CPU
		{DBF1FA2B-52CC-4BCF-980C-5C8AD1889DCA}.Debug|Any CPU.ActiveCfg = Debug|Any CPU
		{DBF1FA2B-52CC-4BCF-980C-5C8AD1889DCA}.Debug|Any CPU.Build.0 = Debug|Any CPU
		{DBF1FA2B-52CC-4BCF-980C-5C8AD1889DCA}.Debug|x64.ActiveCfg = Debug|Any CPU
		{DBF1FA2B-52CC-4BCF-980C-5C8AD1889DCA}.Debug|x64.Build.0 = Debug|Any CPU
		{DBF1FA2B-52CC-4BCF-980C-5C8AD1889DCA}.Release|Any CPU.ActiveCfg = Release|Any CPU
		{DBF1FA2B-52CC-4BCF-980C-5C8AD1889DCA}.Release|Any CPU.Build.0 = Release|Any CPU
		{DBF1FA2B-52CC-4BCF-980C-5C8AD1889DCA}.Release|x64.ActiveCfg = Release|Any CPU
		{DBF1FA2B-52CC-4BCF-980C-5C8AD1889DCA}.Release|x64.Build.0 = Release|Any CPU
		{EE81EF6D-B6D1-4D53-9130-169895450865}.Debug|Any CPU.ActiveCfg = Debug|Any CPU
		{EE81EF6D-B6D1-4D53-9130-169895450865}.Debug|Any CPU.Build.0 = Debug|Any CPU
		{EE81EF6D-B6D1-4D53-9130-169895450865}.Debug|x64.ActiveCfg = Debug|Any CPU
		{EE81EF6D-B6D1-4D53-9130-169895450865}.Debug|x64.Build.0 = Debug|Any CPU
		{EE81EF6D-B6D1-4D53-9130-169895450865}.Release|Any CPU.ActiveCfg = Release|Any CPU
		{EE81EF6D-B6D1-4D53-9130-169895450865}.Release|Any CPU.Build.0 = Release|Any CPU
		{EE81EF6D-B6D1-4D53-9130-169895450865}.Release|x64.ActiveCfg = Release|Any CPU
		{EE81EF6D-B6D1-4D53-9130-169895450865}.Release|x64.Build.0 = Release|Any CPU
		{58A4C710-AA7A-4ECB-9377-2614441DFA2E}.Debug|Any CPU.ActiveCfg = Debug|Any CPU
		{58A4C710-AA7A-4ECB-9377-2614441DFA2E}.Debug|Any CPU.Build.0 = Debug|Any CPU
		{58A4C710-AA7A-4ECB-9377-2614441DFA2E}.Debug|x64.ActiveCfg = Debug|x64
		{58A4C710-AA7A-4ECB-9377-2614441DFA2E}.Debug|x64.Build.0 = Debug|x64
		{58A4C710-AA7A-4ECB-9377-2614441DFA2E}.Release|Any CPU.ActiveCfg = Release|Any CPU
		{58A4C710-AA7A-4ECB-9377-2614441DFA2E}.Release|Any CPU.Build.0 = Release|Any CPU
		{58A4C710-AA7A-4ECB-9377-2614441DFA2E}.Release|x64.ActiveCfg = Release|x64
		{58A4C710-AA7A-4ECB-9377-2614441DFA2E}.Release|x64.Build.0 = Release|x64
		{2A1568C0-F805-4494-BDB8-E6F72C987065}.Debug|Any CPU.ActiveCfg = Debug|Any CPU
		{2A1568C0-F805-4494-BDB8-E6F72C987065}.Debug|Any CPU.Build.0 = Debug|Any CPU
		{2A1568C0-F805-4494-BDB8-E6F72C987065}.Debug|x64.ActiveCfg = Debug|Any CPU
		{2A1568C0-F805-4494-BDB8-E6F72C987065}.Debug|x64.Build.0 = Debug|Any CPU
		{2A1568C0-F805-4494-BDB8-E6F72C987065}.Release|Any CPU.ActiveCfg = Release|Any CPU
		{2A1568C0-F805-4494-BDB8-E6F72C987065}.Release|Any CPU.Build.0 = Release|Any CPU
		{2A1568C0-F805-4494-BDB8-E6F72C987065}.Release|x64.ActiveCfg = Release|Any CPU
		{2A1568C0-F805-4494-BDB8-E6F72C987065}.Release|x64.Build.0 = Release|Any CPU
		{B11DB5E8-7CD6-4FD4-BD90-69305C0835CF}.Debug|Any CPU.ActiveCfg = Debug|Any CPU
		{B11DB5E8-7CD6-4FD4-BD90-69305C0835CF}.Debug|Any CPU.Build.0 = Debug|Any CPU
		{B11DB5E8-7CD6-4FD4-BD90-69305C0835CF}.Debug|x64.ActiveCfg = Debug|Any CPU
		{B11DB5E8-7CD6-4FD4-BD90-69305C0835CF}.Debug|x64.Build.0 = Debug|Any CPU
		{B11DB5E8-7CD6-4FD4-BD90-69305C0835CF}.Release|Any CPU.ActiveCfg = Release|Any CPU
		{B11DB5E8-7CD6-4FD4-BD90-69305C0835CF}.Release|Any CPU.Build.0 = Release|Any CPU
		{B11DB5E8-7CD6-4FD4-BD90-69305C0835CF}.Release|x64.ActiveCfg = Release|Any CPU
		{B11DB5E8-7CD6-4FD4-BD90-69305C0835CF}.Release|x64.Build.0 = Release|Any CPU
		{3A93DA50-7CFC-4590-8BF7-15CFCA30D7A0}.Debug|Any CPU.ActiveCfg = Debug|Any CPU
		{3A93DA50-7CFC-4590-8BF7-15CFCA30D7A0}.Debug|Any CPU.Build.0 = Debug|Any CPU
		{3A93DA50-7CFC-4590-8BF7-15CFCA30D7A0}.Debug|x64.ActiveCfg = Debug|Any CPU
		{3A93DA50-7CFC-4590-8BF7-15CFCA30D7A0}.Debug|x64.Build.0 = Debug|Any CPU
		{3A93DA50-7CFC-4590-8BF7-15CFCA30D7A0}.Release|Any CPU.ActiveCfg = Release|Any CPU
		{3A93DA50-7CFC-4590-8BF7-15CFCA30D7A0}.Release|Any CPU.Build.0 = Release|Any CPU
		{3A93DA50-7CFC-4590-8BF7-15CFCA30D7A0}.Release|x64.ActiveCfg = Release|Any CPU
		{3A93DA50-7CFC-4590-8BF7-15CFCA30D7A0}.Release|x64.Build.0 = Release|Any CPU
		{95D6BFF7-B061-4036-A123-79DBEE8E1243}.Debug|Any CPU.ActiveCfg = Debug|Any CPU
		{95D6BFF7-B061-4036-A123-79DBEE8E1243}.Debug|Any CPU.Build.0 = Debug|Any CPU
		{95D6BFF7-B061-4036-A123-79DBEE8E1243}.Debug|x64.ActiveCfg = Debug|Any CPU
		{95D6BFF7-B061-4036-A123-79DBEE8E1243}.Debug|x64.Build.0 = Debug|Any CPU
		{95D6BFF7-B061-4036-A123-79DBEE8E1243}.Release|Any CPU.ActiveCfg = Release|Any CPU
		{95D6BFF7-B061-4036-A123-79DBEE8E1243}.Release|Any CPU.Build.0 = Release|Any CPU
		{95D6BFF7-B061-4036-A123-79DBEE8E1243}.Release|x64.ActiveCfg = Release|Any CPU
		{95D6BFF7-B061-4036-A123-79DBEE8E1243}.Release|x64.Build.0 = Release|Any CPU
		{32220780-904A-4676-A0E9-59A7DC72DF10}.Debug|Any CPU.ActiveCfg = Debug|Any CPU
		{32220780-904A-4676-A0E9-59A7DC72DF10}.Debug|Any CPU.Build.0 = Debug|Any CPU
		{32220780-904A-4676-A0E9-59A7DC72DF10}.Debug|x64.ActiveCfg = Debug|Any CPU
		{32220780-904A-4676-A0E9-59A7DC72DF10}.Debug|x64.Build.0 = Debug|Any CPU
		{32220780-904A-4676-A0E9-59A7DC72DF10}.Release|Any CPU.ActiveCfg = Release|Any CPU
		{32220780-904A-4676-A0E9-59A7DC72DF10}.Release|Any CPU.Build.0 = Release|Any CPU
		{32220780-904A-4676-A0E9-59A7DC72DF10}.Release|x64.ActiveCfg = Release|Any CPU
		{32220780-904A-4676-A0E9-59A7DC72DF10}.Release|x64.Build.0 = Release|Any CPU
		{7B9EAE9C-A8CA-4E34-9902-F15A5E360B7C}.Debug|Any CPU.ActiveCfg = Debug|Any CPU
		{7B9EAE9C-A8CA-4E34-9902-F15A5E360B7C}.Debug|Any CPU.Build.0 = Debug|Any CPU
		{7B9EAE9C-A8CA-4E34-9902-F15A5E360B7C}.Debug|x64.ActiveCfg = Debug|Any CPU
		{7B9EAE9C-A8CA-4E34-9902-F15A5E360B7C}.Debug|x64.Build.0 = Debug|Any CPU
		{7B9EAE9C-A8CA-4E34-9902-F15A5E360B7C}.Release|Any CPU.ActiveCfg = Release|Any CPU
		{7B9EAE9C-A8CA-4E34-9902-F15A5E360B7C}.Release|Any CPU.Build.0 = Release|Any CPU
		{7B9EAE9C-A8CA-4E34-9902-F15A5E360B7C}.Release|x64.ActiveCfg = Release|Any CPU
		{7B9EAE9C-A8CA-4E34-9902-F15A5E360B7C}.Release|x64.Build.0 = Release|Any CPU
		{D413014E-CA49-4CD5-91B2-0644F76D4E99}.Debug|Any CPU.ActiveCfg = Debug|Any CPU
		{D413014E-CA49-4CD5-91B2-0644F76D4E99}.Debug|Any CPU.Build.0 = Debug|Any CPU
		{D413014E-CA49-4CD5-91B2-0644F76D4E99}.Debug|x64.ActiveCfg = Debug|Any CPU
		{D413014E-CA49-4CD5-91B2-0644F76D4E99}.Debug|x64.Build.0 = Debug|Any CPU
		{D413014E-CA49-4CD5-91B2-0644F76D4E99}.Release|Any CPU.ActiveCfg = Release|Any CPU
		{D413014E-CA49-4CD5-91B2-0644F76D4E99}.Release|Any CPU.Build.0 = Release|Any CPU
		{D413014E-CA49-4CD5-91B2-0644F76D4E99}.Release|x64.ActiveCfg = Release|Any CPU
		{D413014E-CA49-4CD5-91B2-0644F76D4E99}.Release|x64.Build.0 = Release|Any CPU
		{6EEB8544-300D-4F54-81F0-9C810E909A61}.Debug|Any CPU.ActiveCfg = Debug|Any CPU
		{6EEB8544-300D-4F54-81F0-9C810E909A61}.Debug|Any CPU.Build.0 = Debug|Any CPU
		{6EEB8544-300D-4F54-81F0-9C810E909A61}.Debug|x64.ActiveCfg = Debug|Any CPU
		{6EEB8544-300D-4F54-81F0-9C810E909A61}.Debug|x64.Build.0 = Debug|Any CPU
		{6EEB8544-300D-4F54-81F0-9C810E909A61}.Release|Any CPU.ActiveCfg = Release|Any CPU
		{6EEB8544-300D-4F54-81F0-9C810E909A61}.Release|Any CPU.Build.0 = Release|Any CPU
		{6EEB8544-300D-4F54-81F0-9C810E909A61}.Release|x64.ActiveCfg = Release|Any CPU
		{6EEB8544-300D-4F54-81F0-9C810E909A61}.Release|x64.Build.0 = Release|Any CPU
		{D0B21721-8583-46FC-8408-9F101C043AAD}.Debug|Any CPU.ActiveCfg = Debug|Any CPU
		{D0B21721-8583-46FC-8408-9F101C043AAD}.Debug|Any CPU.Build.0 = Debug|Any CPU
		{D0B21721-8583-46FC-8408-9F101C043AAD}.Debug|x64.ActiveCfg = Debug|Any CPU
		{D0B21721-8583-46FC-8408-9F101C043AAD}.Debug|x64.Build.0 = Debug|Any CPU
		{D0B21721-8583-46FC-8408-9F101C043AAD}.Release|Any CPU.ActiveCfg = Release|Any CPU
		{D0B21721-8583-46FC-8408-9F101C043AAD}.Release|Any CPU.Build.0 = Release|Any CPU
		{D0B21721-8583-46FC-8408-9F101C043AAD}.Release|x64.ActiveCfg = Release|Any CPU
		{D0B21721-8583-46FC-8408-9F101C043AAD}.Release|x64.Build.0 = Release|Any CPU
		{160EDC2F-2C0D-4241-8C81-C0CAA38021ED}.Debug|Any CPU.ActiveCfg = Debug|Any CPU
		{160EDC2F-2C0D-4241-8C81-C0CAA38021ED}.Debug|Any CPU.Build.0 = Debug|Any CPU
		{160EDC2F-2C0D-4241-8C81-C0CAA38021ED}.Debug|x64.ActiveCfg = Debug|Any CPU
		{160EDC2F-2C0D-4241-8C81-C0CAA38021ED}.Debug|x64.Build.0 = Debug|Any CPU
		{160EDC2F-2C0D-4241-8C81-C0CAA38021ED}.Release|Any CPU.ActiveCfg = Release|Any CPU
		{160EDC2F-2C0D-4241-8C81-C0CAA38021ED}.Release|Any CPU.Build.0 = Release|Any CPU
		{160EDC2F-2C0D-4241-8C81-C0CAA38021ED}.Release|x64.ActiveCfg = Release|Any CPU
		{160EDC2F-2C0D-4241-8C81-C0CAA38021ED}.Release|x64.Build.0 = Release|Any CPU
		{0F3B4502-8FC9-4141-8BA3-ABA4CE704178}.Debug|Any CPU.ActiveCfg = Debug|Any CPU
		{0F3B4502-8FC9-4141-8BA3-ABA4CE704178}.Debug|Any CPU.Build.0 = Debug|Any CPU
		{0F3B4502-8FC9-4141-8BA3-ABA4CE704178}.Debug|x64.ActiveCfg = Debug|Any CPU
		{0F3B4502-8FC9-4141-8BA3-ABA4CE704178}.Debug|x64.Build.0 = Debug|Any CPU
		{0F3B4502-8FC9-4141-8BA3-ABA4CE704178}.Release|Any CPU.ActiveCfg = Release|Any CPU
		{0F3B4502-8FC9-4141-8BA3-ABA4CE704178}.Release|Any CPU.Build.0 = Release|Any CPU
		{0F3B4502-8FC9-4141-8BA3-ABA4CE704178}.Release|x64.ActiveCfg = Release|Any CPU
		{0F3B4502-8FC9-4141-8BA3-ABA4CE704178}.Release|x64.Build.0 = Release|Any CPU
		{1F77D206-226E-436F-B45A-127B93133CA9}.Debug|Any CPU.ActiveCfg = Debug|Any CPU
		{1F77D206-226E-436F-B45A-127B93133CA9}.Debug|Any CPU.Build.0 = Debug|Any CPU
		{1F77D206-226E-436F-B45A-127B93133CA9}.Debug|x64.ActiveCfg = Debug|Any CPU
		{1F77D206-226E-436F-B45A-127B93133CA9}.Debug|x64.Build.0 = Debug|Any CPU
		{1F77D206-226E-436F-B45A-127B93133CA9}.Release|Any CPU.ActiveCfg = Release|Any CPU
		{1F77D206-226E-436F-B45A-127B93133CA9}.Release|Any CPU.Build.0 = Release|Any CPU
		{1F77D206-226E-436F-B45A-127B93133CA9}.Release|x64.ActiveCfg = Release|Any CPU
		{1F77D206-226E-436F-B45A-127B93133CA9}.Release|x64.Build.0 = Release|Any CPU
		{3F99B61F-FFE6-4676-8E25-065CA0E658F1}.Debug|Any CPU.ActiveCfg = Debug|Any CPU
		{3F99B61F-FFE6-4676-8E25-065CA0E658F1}.Debug|Any CPU.Build.0 = Debug|Any CPU
		{3F99B61F-FFE6-4676-8E25-065CA0E658F1}.Debug|x64.ActiveCfg = Debug|Any CPU
		{3F99B61F-FFE6-4676-8E25-065CA0E658F1}.Debug|x64.Build.0 = Debug|Any CPU
		{3F99B61F-FFE6-4676-8E25-065CA0E658F1}.Release|Any CPU.ActiveCfg = Release|Any CPU
		{3F99B61F-FFE6-4676-8E25-065CA0E658F1}.Release|Any CPU.Build.0 = Release|Any CPU
		{3F99B61F-FFE6-4676-8E25-065CA0E658F1}.Release|x64.ActiveCfg = Release|Any CPU
		{3F99B61F-FFE6-4676-8E25-065CA0E658F1}.Release|x64.Build.0 = Release|Any CPU
		{1EEE4E24-C40D-43A3-9ADB-B773CCF1B524}.Debug|Any CPU.ActiveCfg = Debug|Any CPU
		{1EEE4E24-C40D-43A3-9ADB-B773CCF1B524}.Debug|Any CPU.Build.0 = Debug|Any CPU
		{1EEE4E24-C40D-43A3-9ADB-B773CCF1B524}.Debug|x64.ActiveCfg = Debug|Any CPU
		{1EEE4E24-C40D-43A3-9ADB-B773CCF1B524}.Debug|x64.Build.0 = Debug|Any CPU
		{1EEE4E24-C40D-43A3-9ADB-B773CCF1B524}.Release|Any CPU.ActiveCfg = Release|Any CPU
		{1EEE4E24-C40D-43A3-9ADB-B773CCF1B524}.Release|Any CPU.Build.0 = Release|Any CPU
		{1EEE4E24-C40D-43A3-9ADB-B773CCF1B524}.Release|x64.ActiveCfg = Release|Any CPU
		{1EEE4E24-C40D-43A3-9ADB-B773CCF1B524}.Release|x64.Build.0 = Release|Any CPU
		{04691304-AE16-4DD6-A857-5819D6D4868A}.Debug|Any CPU.ActiveCfg = Debug|Any CPU
		{04691304-AE16-4DD6-A857-5819D6D4868A}.Debug|Any CPU.Build.0 = Debug|Any CPU
		{04691304-AE16-4DD6-A857-5819D6D4868A}.Debug|x64.ActiveCfg = Debug|Any CPU
		{04691304-AE16-4DD6-A857-5819D6D4868A}.Debug|x64.Build.0 = Debug|Any CPU
		{04691304-AE16-4DD6-A857-5819D6D4868A}.Release|Any CPU.ActiveCfg = Release|Any CPU
		{04691304-AE16-4DD6-A857-5819D6D4868A}.Release|Any CPU.Build.0 = Release|Any CPU
		{04691304-AE16-4DD6-A857-5819D6D4868A}.Release|x64.ActiveCfg = Release|Any CPU
		{04691304-AE16-4DD6-A857-5819D6D4868A}.Release|x64.Build.0 = Release|Any CPU
		{8287D979-5905-4415-9BBA-20974A463795}.Debug|Any CPU.ActiveCfg = Debug|Any CPU
		{8287D979-5905-4415-9BBA-20974A463795}.Debug|Any CPU.Build.0 = Debug|Any CPU
		{8287D979-5905-4415-9BBA-20974A463795}.Debug|x64.ActiveCfg = Debug|Any CPU
		{8287D979-5905-4415-9BBA-20974A463795}.Debug|x64.Build.0 = Debug|Any CPU
		{8287D979-5905-4415-9BBA-20974A463795}.Release|Any CPU.ActiveCfg = Release|Any CPU
		{8287D979-5905-4415-9BBA-20974A463795}.Release|Any CPU.Build.0 = Release|Any CPU
		{8287D979-5905-4415-9BBA-20974A463795}.Release|x64.ActiveCfg = Release|Any CPU
		{8287D979-5905-4415-9BBA-20974A463795}.Release|x64.Build.0 = Release|Any CPU
		{86D76997-3717-4466-BD84-B8CA930612BA}.Debug|Any CPU.ActiveCfg = Debug|Any CPU
		{86D76997-3717-4466-BD84-B8CA930612BA}.Debug|Any CPU.Build.0 = Debug|Any CPU
		{86D76997-3717-4466-BD84-B8CA930612BA}.Debug|x64.ActiveCfg = Debug|Any CPU
		{86D76997-3717-4466-BD84-B8CA930612BA}.Debug|x64.Build.0 = Debug|Any CPU
		{86D76997-3717-4466-BD84-B8CA930612BA}.Release|Any CPU.ActiveCfg = Release|Any CPU
		{86D76997-3717-4466-BD84-B8CA930612BA}.Release|Any CPU.Build.0 = Release|Any CPU
		{86D76997-3717-4466-BD84-B8CA930612BA}.Release|x64.ActiveCfg = Release|Any CPU
		{86D76997-3717-4466-BD84-B8CA930612BA}.Release|x64.Build.0 = Release|Any CPU
		{864A6EB8-A963-4ECB-AC59-1F40B642DB69}.Debug|Any CPU.ActiveCfg = Debug|Any CPU
		{864A6EB8-A963-4ECB-AC59-1F40B642DB69}.Debug|Any CPU.Build.0 = Debug|Any CPU
		{864A6EB8-A963-4ECB-AC59-1F40B642DB69}.Debug|x64.ActiveCfg = Debug|Any CPU
		{864A6EB8-A963-4ECB-AC59-1F40B642DB69}.Debug|x64.Build.0 = Debug|Any CPU
		{864A6EB8-A963-4ECB-AC59-1F40B642DB69}.Release|Any CPU.ActiveCfg = Release|Any CPU
		{864A6EB8-A963-4ECB-AC59-1F40B642DB69}.Release|Any CPU.Build.0 = Release|Any CPU
		{864A6EB8-A963-4ECB-AC59-1F40B642DB69}.Release|x64.ActiveCfg = Release|Any CPU
		{864A6EB8-A963-4ECB-AC59-1F40B642DB69}.Release|x64.Build.0 = Release|Any CPU
		{48DF1C6C-67C1-4CA0-BB04-54204154037F}.Debug|Any CPU.ActiveCfg = Debug|Any CPU
		{48DF1C6C-67C1-4CA0-BB04-54204154037F}.Debug|Any CPU.Build.0 = Debug|Any CPU
		{48DF1C6C-67C1-4CA0-BB04-54204154037F}.Debug|x64.ActiveCfg = Debug|Any CPU
		{48DF1C6C-67C1-4CA0-BB04-54204154037F}.Debug|x64.Build.0 = Debug|Any CPU
		{48DF1C6C-67C1-4CA0-BB04-54204154037F}.Release|Any CPU.ActiveCfg = Release|Any CPU
		{48DF1C6C-67C1-4CA0-BB04-54204154037F}.Release|Any CPU.Build.0 = Release|Any CPU
		{48DF1C6C-67C1-4CA0-BB04-54204154037F}.Release|x64.ActiveCfg = Release|Any CPU
		{48DF1C6C-67C1-4CA0-BB04-54204154037F}.Release|x64.Build.0 = Release|Any CPU
		{BDE8AA83-383D-4C3F-811B-319F03B8CBED}.Debug|Any CPU.ActiveCfg = Debug|Any CPU
		{BDE8AA83-383D-4C3F-811B-319F03B8CBED}.Debug|Any CPU.Build.0 = Debug|Any CPU
		{BDE8AA83-383D-4C3F-811B-319F03B8CBED}.Debug|x64.ActiveCfg = Debug|Any CPU
		{BDE8AA83-383D-4C3F-811B-319F03B8CBED}.Debug|x64.Build.0 = Debug|Any CPU
		{BDE8AA83-383D-4C3F-811B-319F03B8CBED}.Release|Any CPU.ActiveCfg = Release|Any CPU
		{BDE8AA83-383D-4C3F-811B-319F03B8CBED}.Release|Any CPU.Build.0 = Release|Any CPU
		{BDE8AA83-383D-4C3F-811B-319F03B8CBED}.Release|x64.ActiveCfg = Release|Any CPU
		{BDE8AA83-383D-4C3F-811B-319F03B8CBED}.Release|x64.Build.0 = Release|Any CPU
	EndGlobalSection
	GlobalSection(SolutionProperties) = preSolution
		HideSolutionNode = FALSE
	EndGlobalSection
	GlobalSection(ExtensibilityGlobals) = postSolution
		SolutionGuid = {98D4E42B-58A4-4F56-80F3-6F43C8A28A5A}
	EndGlobalSection
EndGlobal
